
Microsoft Visual Studio Solution File, Format Version 12.00
# Visual Studio 2012
Project("{FAE04EC0-301F-11D3-BF4B-00C04F79EFBC}") = "Inventec.UC.ConfigApplication", "Inventec.UC.ConfigApplication.csproj", "{F3655E5D-0CB7-42B8-9D38-60B3F4BCF4EB}"
EndProject
Global
	GlobalSection(SolutionConfigurationPlatforms) = preSolution
		Debug|Any CPU = Debug|Any CPU
		Release|Any CPU = Release|Any CPU
	EndGlobalSection
	GlobalSection(ProjectConfigurationPlatforms) = postSolution
		{F3655E5D-0CB7-42B8-9D38-60B3F4BCF4EB}.Debug|Any CPU.ActiveCfg = Debug|Any CPU
		{F3655E5D-0CB7-42B8-9D38-60B3F4BCF4EB}.Debug|Any CPU.Build.0 = Debug|Any CPU
		{F3655E5D-0CB7-42B8-9D38-60B3F4BCF4EB}.Release|Any CPU.ActiveCfg = Release|Any CPU
		{F3655E5D-0CB7-42B8-9D38-60B3F4BCF4EB}.Release|Any CPU.Build.0 = Release|Any CPU
	EndGlobalSection
	GlobalSection(SolutionProperties) = preSolution
		HideSolutionNode = FALSE
	EndGlobalSection
EndGlobal
