
Microsoft Visual Studio Solution File, Format Version 12.00
# Visual Studio Version 17
VisualStudioVersion = 17.8.34004.107
MinimumVisualStudioVersion = 10.0.40219.1
Project("{FAE04EC0-301F-11D3-BF4B-00C04F79EFBC}") = "HIS.UC.UserPrintList", "HIS.UC.UserPrintList\HIS.UC.UserPrintList.csproj", "{AE330E37-F548-461B-9DFB-484BD8E4A9A7}"
EndProject
Project("{FAE04EC0-301F-11D3-BF4B-00C04F79EFBC}") = "HIS.UC.ServiceTree", "HIS.UC.ServiceTree\HIS.UC.ServiceTree.csproj", "{6E07F106-9C95-412B-8EFF-E2EC7B757817}"
EndProject
Project("{FAE04EC0-301F-11D3-BF4B-00C04F79EFBC}") = "HIS.UC.UCPatientRaw", "HIS.UC.UCPatientRaw\HIS.UC.UCPatientRaw.csproj", "{E3891201-0493-4164-B1DC-D99277BA6291}"
EndProject
Global
	GlobalSection(SolutionConfigurationPlatforms) = preSolution
		Debug|Any CPU = Debug|Any CPU
		Release|Any CPU = Release|Any CPU
	EndGlobalSection
	GlobalSection(ProjectConfigurationPlatforms) = postSolution
		{AE330E37-F548-461B-9DFB-484BD8E4A9A7}.Debug|Any CPU.ActiveCfg = Debug|Any CPU
		{AE330E37-F548-461B-9DFB-484BD8E4A9A7}.Debug|Any CPU.Build.0 = Debug|Any CPU
		{AE330E37-F548-461B-9DFB-484BD8E4A9A7}.Release|Any CPU.ActiveCfg = Release|Any CPU
		{AE330E37-F548-461B-9DFB-484BD8E4A9A7}.Release|Any CPU.Build.0 = Release|Any CPU
		{6E07F106-9C95-412B-8EFF-E2EC7B757817}.Debug|Any CPU.ActiveCfg = Debug|Any CPU
		{6E07F106-9C95-412B-8EFF-E2EC7B757817}.Debug|Any CPU.Build.0 = Debug|Any CPU
		{6E07F106-9C95-412B-8EFF-E2EC7B757817}.Release|Any CPU.ActiveCfg = Release|Any CPU
		{6E07F106-9C95-412B-8EFF-E2EC7B757817}.Release|Any CPU.Build.0 = Release|Any CPU
		{E3891201-0493-4164-B1DC-D99277BA6291}.Debug|Any CPU.ActiveCfg = Debug|Any CPU
		{E3891201-0493-4164-B1DC-D99277BA6291}.Debug|Any CPU.Build.0 = Debug|Any CPU
		{E3891201-0493-4164-B1DC-D99277BA6291}.Release|Any CPU.ActiveCfg = Release|Any CPU
		{E3891201-0493-4164-B1DC-D99277BA6291}.Release|Any CPU.Build.0 = Release|Any CPU
	EndGlobalSection
	GlobalSection(SolutionProperties) = preSolution
		HideSolutionNode = FALSE
	EndGlobalSection
	GlobalSection(ExtensibilityGlobals) = postSolution
		SolutionGuid = {07913778-49AB-4E91-8A12-EF572565E8EF}
	EndGlobalSection
EndGlobal
