
Microsoft Visual Studio Solution File, Format Version 12.00
# Visual Studio 2012
Project("{FAE04EC0-301F-11D3-BF4B-00C04F79EFBC}") = "Inventec.UC.ListReportType", "Inventec.UC.ListReportType.csproj", "{428319FD-D7E4-4119-9D14-22764239EC63}"
EndProject
Global
	GlobalSection(SolutionConfigurationPlatforms) = preSolution
		Debug|Any CPU = Debug|Any CPU
		Release|Any CPU = Release|Any CPU
	EndGlobalSection
	GlobalSection(ProjectConfigurationPlatforms) = postSolution
		{428319FD-D7E4-4119-9D14-22764239EC63}.Debug|Any CPU.ActiveCfg = Debug|Any CPU
		{428319FD-D7E4-4119-9D14-22764239EC63}.Debug|Any CPU.Build.0 = Debug|Any CPU
		{428319FD-D7E4-4119-9D14-22764239EC63}.Release|Any CPU.ActiveCfg = Release|Any CPU
		{428319FD-D7E4-4119-9D14-22764239EC63}.Release|Any CPU.Build.0 = Release|Any CPU
	EndGlobalSection
	GlobalSection(SolutionProperties) = preSolution
		HideSolutionNode = FALSE
	EndGlobalSection
EndGlobal
